PODS:
  - CKTextView (0.1.0)
  - Reveal-iOS-SDK (1.6.2)

DEPENDENCIES:
  - CKTextView (from `../`)
  - Reveal-iOS-SDK

EXTERNAL SOURCES:
  CKTextView:
    :path: "../"

SPEC CHECKSUMS:
  CKTextView: 9def2b56324a8de3039605370f32aa6379399847
  Reveal-iOS-SDK: e2250b3c155bcfac53ae223ddc1f76d08f206c33

PODFILE CHECKSUM: 1f8436370243cfd8dde5a73607d7c9a6f2fd2fa4

COCOAPODS: 1.0.0.beta.5
