PODS:
  - CKTextViewComponent (0.1.0)

DEPENDENCIES:
  - CKTextViewComponent (from `../`)

EXTERNAL SOURCES:
  CKTextViewComponent:
    :path: "../"

SPEC CHECKSUMS:
  CKTextViewComponent: c4aa99ebc3c096a84bac67a7dc017092ee7283a4

PODFILE CHECKSUM: a39fb71da8820365bdeb52147e220421675f0721

COCOAPODS: 1.0.0.beta.5
